
Microsoft Visual Studio Solution File, Format Version 12.00
# Visual Studio Version 17
VisualStudioVersion = 17.6.33829.357
MinimumVisualStudioVersion = 10.0.40219.1
Project("{2150E333-8FDC-42A3-9474-1A3956D46DE8}") = "model", "model", "{02C76203-F0CF-48AA-84C4-9B9F01A7A76E}"
EndProject
Project("{2150E333-8FDC-42A3-9474-1A3956D46DE8}") = "test", "test", "{0137D8AB-7C05-490B-BEC0-3DE5FF382BE2}"
EndProject
Project("{9A19103F-16F7-4668-BE54-9A1E7A4F7556}") = "Tools.Collections.ConcurrentDictionary.RemoveIf.Model", "model\Tools.Collections.ConcurrentDictionary.RemoveIf.Model\Tools.Collections.ConcurrentDictionary.RemoveIf.Model.csproj", "{15A1A6AD-95E4-4B08-868A-BEA245469F2A}"
EndProject
Project("{9A19103F-16F7-4668-BE54-9A1E7A4F7556}") = "Tools.Collections.ConcurrentDictionary.RemoveIf.Test.UnitTest", "test\Tools.Collections.ConcurrentDictionary.RemoveIf.Test.UnitTest\Tools.Collections.ConcurrentDictionary.RemoveIf.Test.UnitTest.csproj", "{C567C0EE-0C72-436C-B8CB-315D4BDF3A16}"
EndProject
Project("{2150E333-8FDC-42A3-9474-1A3956D46DE8}") = "Solution Items", "Solution Items", "{B55B095C-8A95-4139-A3CA-55EB423F8EED}"
EndProject
Global
	GlobalSection(SolutionConfigurationPlatforms) = preSolution
		Debug|Any CPU = Debug|Any CPU
		Release|Any CPU = Release|Any CPU
	EndGlobalSection
	GlobalSection(ProjectConfigurationPlatforms) = postSolution
		{15A1A6AD-95E4-4B08-868A-BEA245469F2A}.Debug|Any CPU.ActiveCfg = Debug|Any CPU
		{15A1A6AD-95E4-4B08-868A-BEA245469F2A}.Debug|Any CPU.Build.0 = Debug|Any CPU
		{15A1A6AD-95E4-4B08-868A-BEA245469F2A}.Release|Any CPU.ActiveCfg = Release|Any CPU
		{15A1A6AD-95E4-4B08-868A-BEA245469F2A}.Release|Any CPU.Build.0 = Release|Any CPU
		{C567C0EE-0C72-436C-B8CB-315D4BDF3A16}.Debug|Any CPU.ActiveCfg = Debug|Any CPU
		{C567C0EE-0C72-436C-B8CB-315D4BDF3A16}.Debug|Any CPU.Build.0 = Debug|Any CPU
		{C567C0EE-0C72-436C-B8CB-315D4BDF3A16}.Release|Any CPU.ActiveCfg = Release|Any CPU
		{C567C0EE-0C72-436C-B8CB-315D4BDF3A16}.Release|Any CPU.Build.0 = Release|Any CPU
	EndGlobalSection
	GlobalSection(SolutionProperties) = preSolution
		HideSolutionNode = FALSE
	EndGlobalSection
	GlobalSection(NestedProjects) = preSolution
		{15A1A6AD-95E4-4B08-868A-BEA245469F2A} = {02C76203-F0CF-48AA-84C4-9B9F01A7A76E}
		{C567C0EE-0C72-436C-B8CB-315D4BDF3A16} = {0137D8AB-7C05-490B-BEC0-3DE5FF382BE2}
	EndGlobalSection
	GlobalSection(ExtensibilityGlobals) = postSolution
		SolutionGuid = {3003428C-1AF9-47B1-9DED-0C773A622843}
	EndGlobalSection
EndGlobal
